
Microsoft Visual Studio Solution File, Format Version 12.00
# Visual Studio Version 17
VisualStudioVersion = 17.9.34728.123
MinimumVisualStudioVersion = 10.0.40219.1
Project("{9A19103F-16F7-4668-BE54-9A1E7A4F7556}") = "ETL_test", "ETL_test\ETL_test.csproj", "{580F62B5-6D35-4442-B398-450C661EC95C}"
EndProject
Global
	GlobalSection(SolutionConfigurationPlatforms) = preSolution
		Debug|Any CPU = Debug|Any CPU
		Debug|ARM32 = Debug|ARM32
		Debug|x64 = Debug|x64
		Release|Any CPU = Release|Any CPU
		Release|ARM32 = Release|ARM32
		Release|x64 = Release|x64
	EndGlobalSection
	GlobalSection(ProjectConfigurationPlatforms) = postSolution
		{580F62B5-6D35-4442-B398-450C661EC95C}.Debug|Any CPU.ActiveCfg = Debug|Any CPU
		{580F62B5-6D35-4442-B398-450C661EC95C}.Debug|Any CPU.Build.0 = Debug|Any CPU
		{580F62B5-6D35-4442-B398-450C661EC95C}.Debug|ARM32.ActiveCfg = Debug|ARM32
		{580F62B5-6D35-4442-B398-450C661EC95C}.Debug|ARM32.Build.0 = Debug|ARM32
		{580F62B5-6D35-4442-B398-450C661EC95C}.Debug|x64.ActiveCfg = Debug|x64
		{580F62B5-6D35-4442-B398-450C661EC95C}.Debug|x64.Build.0 = Debug|x64
		{580F62B5-6D35-4442-B398-450C661EC95C}.Release|Any CPU.ActiveCfg = Release|Any CPU
		{580F62B5-6D35-4442-B398-450C661EC95C}.Release|Any CPU.Build.0 = Release|Any CPU
		{580F62B5-6D35-4442-B398-450C661EC95C}.Release|ARM32.ActiveCfg = Release|ARM32
		{580F62B5-6D35-4442-B398-450C661EC95C}.Release|ARM32.Build.0 = Release|ARM32
		{580F62B5-6D35-4442-B398-450C661EC95C}.Release|x64.ActiveCfg = Release|x64
		{580F62B5-6D35-4442-B398-450C661EC95C}.Release|x64.Build.0 = Release|x64
	EndGlobalSection
	GlobalSection(SolutionProperties) = preSolution
		HideSolutionNode = FALSE
	EndGlobalSection
	GlobalSection(ExtensibilityGlobals) = postSolution
		SolutionGuid = {3D038345-A0D4-4B7A-852B-13F2767977E5}
	EndGlobalSection
EndGlobal
